
Microsoft Visual Studio Solution File, Format Version 12.00
# Visual Studio 2013
VisualStudioVersion = 12.0.31101.0
MinimumVisualStudioVersion = 10.0.40219.1
Project("{FAE04EC0-301F-11D3-BF4B-00C04F79EFBC}") = "Cyperus", "Cyperus\Cyperus.csproj", "{97A6326E-9ACA-4CD4-A8DA-7371A9381F85}"
EndProject
Project("{FAE04EC0-301F-11D3-BF4B-00C04F79EFBC}") = "Designer", "Editor\Designer.csproj", "{04535D48-C3D8-4924-92CA-30C6F8633270}"
EndProject
Project("{FAE04EC0-301F-11D3-BF4B-00C04F79EFBC}") = "Virtual16", "Virtual16\Virtual16.csproj", "{7ABADB36-C590-4C2C-B208-4C825233BF84}"
EndProject
Project("{FAE04EC0-301F-11D3-BF4B-00C04F79EFBC}") = "Tests", "Tests\Tests.csproj", "{C24C5C96-BB80-4683-8149-639A01C67BCA}"
EndProject
Global
	GlobalSection(SolutionConfigurationPlatforms) = preSolution
		Debug|Any CPU = Debug|Any CPU
		Release|Any CPU = Release|Any CPU
	EndGlobalSection
	GlobalSection(ProjectConfigurationPlatforms) = postSolution
		{97A6326E-9ACA-4CD4-A8DA-7371A9381F85}.Debug|Any CPU.ActiveCfg = Debug|Any CPU
		{97A6326E-9ACA-4CD4-A8DA-7371A9381F85}.Debug|Any CPU.Build.0 = Debug|Any CPU
		{97A6326E-9ACA-4CD4-A8DA-7371A9381F85}.Release|Any CPU.ActiveCfg = Release|Any CPU
		{97A6326E-9ACA-4CD4-A8DA-7371A9381F85}.Release|Any CPU.Build.0 = Release|Any CPU
		{04535D48-C3D8-4924-92CA-30C6F8633270}.Debug|Any CPU.ActiveCfg = Debug|Any CPU
		{04535D48-C3D8-4924-92CA-30C6F8633270}.Debug|Any CPU.Build.0 = Debug|Any CPU
		{04535D48-C3D8-4924-92CA-30C6F8633270}.Release|Any CPU.ActiveCfg = Release|Any CPU
		{04535D48-C3D8-4924-92CA-30C6F8633270}.Release|Any CPU.Build.0 = Release|Any CPU
		{7ABADB36-C590-4C2C-B208-4C825233BF84}.Debug|Any CPU.ActiveCfg = Debug|Any CPU
		{7ABADB36-C590-4C2C-B208-4C825233BF84}.Debug|Any CPU.Build.0 = Debug|Any CPU
		{7ABADB36-C590-4C2C-B208-4C825233BF84}.Release|Any CPU.ActiveCfg = Release|Any CPU
		{7ABADB36-C590-4C2C-B208-4C825233BF84}.Release|Any CPU.Build.0 = Release|Any CPU
		{C24C5C96-BB80-4683-8149-639A01C67BCA}.Debug|Any CPU.ActiveCfg = Debug|Any CPU
		{C24C5C96-BB80-4683-8149-639A01C67BCA}.Debug|Any CPU.Build.0 = Debug|Any CPU
		{C24C5C96-BB80-4683-8149-639A01C67BCA}.Release|Any CPU.ActiveCfg = Release|Any CPU
		{C24C5C96-BB80-4683-8149-639A01C67BCA}.Release|Any CPU.Build.0 = Release|Any CPU
	EndGlobalSection
	GlobalSection(SolutionProperties) = preSolution
		HideSolutionNode = FALSE
	EndGlobalSection
EndGlobal
